// !$*UTF8*$!
{
	archiveVersion = 1;
	classes = {
	};
	objectVersion = 48;
	objects = {

/* Begin PBXBuildFile section */
		645694921FBAEFE90056703F /* RegistrationFirstNavigationController.swift in Sources */ = {isa = PBXBuildFile; fileRef = 645694911FBAEFE90056703F /* RegistrationFirstNavigationController.swift */; };
		645694941FBB05A90056703F /* MyNavigationControler.swift in Sources */ = {isa = PBXBuildFile; fileRef = 645694931FBB05A90056703F /* MyNavigationControler.swift */; };
		645694961FBB0FCD0056703F /* FirstRegistViewController.swift in Sources */ = {isa = PBXBuildFile; fileRef = 645694951FBB0FCD0056703F /* FirstRegistViewController.swift */; };
		64A048C51F7A91C5000D7D05 /* AppDelegate.swift in Sources */ = {isa = PBXBuildFile; fileRef = 64A048C41F7A91C5000D7D05 /* AppDelegate.swift */; };
		64A048C71F7A91C5000D7D05 /* ViewController.swift in Sources */ = {isa = PBXBuildFile; fileRef = 64A048C61F7A91C5000D7D05 /* ViewController.swift */; };
		64A048CA1F7A91C5000D7D05 /* Main.storyboard in Resources */ = {isa = PBXBuildFile; fileRef = 64A048C81F7A91C5000D7D05 /* Main.storyboard */; };
		64A048CC1F7A91C5000D7D05 /* Assets.xcassets in Resources */ = {isa = PBXBuildFile; fileRef = 64A048CB1F7A91C5000D7D05 /* Assets.xcassets */; };
		64A048CF1F7A91C5000D7D05 /* LaunchScreen.storyboard in Resources */ = {isa = PBXBuildFile; fileRef = 64A048CD1F7A91C5000D7D05 /* LaunchScreen.storyboard */; };
/* End PBXBuildFile section */

/* Begin PBXFileReference section */
		645694911FBAEFE90056703F /* RegistrationFirstNavigationController.swift */ = {isa = PBXFileReference; lastKnownFileType = sourcecode.swift; path = RegistrationFirstNavigationController.swift; sourceTree = "<group>"; };
		645694931FBB05A90056703F /* MyNavigationControler.swift */ = {isa = PBXFileReference; lastKnownFileType = sourcecode.swift; path = MyNavigationControler.swift; sourceTree = "<group>"; };
		645694951FBB0FCD0056703F /* FirstRegistViewController.swift */ = {isa = PBXFileReference; lastKnownFileType = sourcecode.swift; path = FirstRegistViewController.swift; sourceTree = "<group>"; };
		64A048C11F7A91C5000D7D05 /* fairVast.app */ = {isa = PBXFileReference; explicitFileType = wrapper.application; includeInIndex = 0; path = fairVast.app; sourceTree = BUILT_PRODUCTS_DIR; };
		64A048C41F7A91C5000D7D05 /* AppDelegate.swift */ = {isa = PBXFileReference; lastKnownFileType = sourcecode.swift; path = AppDelegate.swift; sourceTree = "<group>"; };
		64A048C61F7A91C5000D7D05 /* ViewController.swift */ = {isa = PBXFileReference; lastKnownFileType = sourcecode.swift; path = ViewController.swift; sourceTree = "<group>"; };
		64A048C91F7A91C5000D7D05 /* Base */ = {isa = PBXFileReference; lastKnownFileType = file.storyboard; name = Base; path = Base.lproj/Main.storyboard; sourceTree = "<group>"; };
		64A048CB1F7A91C5000D7D05 /* Assets.xcassets */ = {isa = PBXFileReference; lastKnownFileType = folder.assetcatalog; path = Assets.xcassets; sourceTree = "<group>"; };
		64A048CE1F7A91C5000D7D05 /* Base */ = {isa = PBXFileReference; lastKnownFileType = file.storyboard; name = Base; path = Base.lproj/LaunchScreen.storyboard; sourceTree = "<group>"; };
		64A048D01F7A91C5000D7D05 /* Info.plist */ = {isa = PBXFileReference; lastKnownFileType = text.plist.xml; path = Info.plist; sourceTree = "<group>"; };
/* End PBXFileReference section */

/* Begin PBXFrameworksBuildPhase section */
		64A048BE1F7A91C5000D7D05 /* Frameworks */ = {
			isa = PBXFrameworksBuildPhase;
			buildActionMask = 2147483647;
			files = (
			);
			runOnlyForDeploymentPostprocessing = 0;
		};
/* End PBXFrameworksBuildPhase section */

/* Begin PBXGroup section */
		645694901FBAEF760056703F /* NavigationControllers */ = {
			isa = PBXGroup;
			children = (
				645694911FBAEFE90056703F /* RegistrationFirstNavigationController.swift */,
				645694951FBB0FCD0056703F /* FirstRegistViewController.swift */,
				645694931FBB05A90056703F /* MyNavigationControler.swift */,
			);
			path = NavigationControllers;
			sourceTree = "<group>";
		};
		64A048B81F7A91C5000D7D05 = {
			isa = PBXGroup;
			children = (
				64A048C31F7A91C5000D7D05 /* fairVast */,
				64A048C21F7A91C5000D7D05 /* Products */,
			);
			sourceTree = "<group>";
		};
		64A048C21F7A91C5000D7D05 /* Products */ = {
			isa = PBXGroup;
			children = (
				64A048C11F7A91C5000D7D05 /* fairVast.app */,
			);
			name = Products;
			sourceTree = "<group>";
		};
		64A048C31F7A91C5000D7D05 /* fairVast */ = {
			isa = PBXGroup;
			children = (
				645694901FBAEF760056703F /* NavigationControllers */,
				64A048C41F7A91C5000D7D05 /* AppDelegate.swift */,
				64A048C61F7A91C5000D7D05 /* ViewController.swift */,
				64A048C81F7A91C5000D7D05 /* Main.storyboard */,
				64A048CB1F7A91C5000D7D05 /* Assets.xcassets */,
				64A048CD1F7A91C5000D7D05 /* LaunchScreen.storyboard */,
				64A048D01F7A91C5000D7D05 /* Info.plist */,
			);
			path = fairVast;
			sourceTree = "<group>";
		};
/* End PBXGroup section */

/* Begin PBXNativeTarget section */
		64A048C01F7A91C5000D7D05 /* fairVast */ = {
			isa = PBXNativeTarget;
			buildConfigurationList = 64A048D31F7A91C5000D7D05 /* Build configuration list for PBXNativeTarget "fairVast" */;
			buildPhases = (
				64A048BD1F7A91C5000D7D05 /* Sources */,
				64A048BE1F7A91C5000D7D05 /* Frameworks */,
				64A048BF1F7A91C5000D7D05 /* Resources */,
			);
			buildRules = (
			);
			dependencies = (
			);
			name = fairVast;
			productName = fairVast;
			productReference = 64A048C11F7A91C5000D7D05 /* fairVast.app */;
			productType = "com.apple.product-type.application";
		};
/* End PBXNativeTarget section */

/* Begin PBXProject section */
		64A048B91F7A91C5000D7D05 /* Project object */ = {
			isa = PBXProject;
			attributes = {
				LastSwiftUpdateCheck = 0900;
				LastUpgradeCheck = 0900;
				ORGANIZATIONNAME = Orchidea;
				TargetAttributes = {
					64A048C01F7A91C5000D7D05 = {
						CreatedOnToolsVersion = 9.0;
						ProvisioningStyle = Automatic;
					};
				};
			};
			buildConfigurationList = 64A048BC1F7A91C5000D7D05 /* Build configuration list for PBXProject "fairVast" */;
			compatibilityVersion = "Xcode 8.0";
			developmentRegion = en;
			hasScannedForEncodings = 0;
			knownRegions = (
				en,
				Base,
			);
			mainGroup = 64A048B81F7A91C5000D7D05;
			productRefGroup = 64A048C21F7A91C5000D7D05 /* Products */;
			projectDirPath = "";
			projectRoot = "";
			targets = (
				64A048C01F7A91C5000D7D05 /* fairVast */,
			);
		};
/* End PBXProject section */

/* Begin PBXResourcesBuildPhase section */
		64A048BF1F7A91C5000D7D05 /* Resources */ = {
			isa = PBXResourcesBuildPhase;
			buildActionMask = 2147483647;
			files = (
				64A048CF1F7A91C5000D7D05 /* LaunchScreen.storyboard in Resources */,
				64A048CC1F7A91C5000D7D05 /* Assets.xcassets in Resources */,
				64A048CA1F7A91C5000D7D05 /* Main.storyboard in Resources */,
			);
			runOnlyForDeploymentPostprocessing = 0;
		};
/* End PBXResourcesBuildPhase section */

/* Begin PBXSourcesBuildPhase section */
		64A048BD1F7A91C5000D7D05 /* Sources */ = {
			isa = PBXSourcesBuildPhase;
			buildActionMask = 2147483647;
			files = (
				645694941FBB05A90056703F /* MyNavigationControler.swift in Sources */,
				645694961FBB0FCD0056703F /* FirstRegistViewController.swift in Sources */,
				645694921FBAEFE90056703F /* RegistrationFirstNavigationController.swift in Sources */,
				64A048C71F7A91C5000D7D05 /* ViewController.swift in Sources */,
				64A048C51F7A91C5000D7D05 /* AppDelegate.swift in Sources */,
			);
			runOnlyForDeploymentPostprocessing = 0;
		};
/* End PBXSourcesBuildPhase section */

/* Begin PBXVariantGroup section */
		64A048C81F7A91C5000D7D05 /* Main.storyboard */ = {
			isa = PBXVariantGroup;
			children = (
				64A048C91F7A91C5000D7D05 /* Base */,
			);
			name = Main.storyboard;
			sourceTree = "<group>";
		};
		64A048CD1F7A91C5000D7D05 /* LaunchScreen.storyboard */ = {
			isa = PBXVariantGroup;
			children = (
				64A048CE1F7A91C5000D7D05 /* Base */,
			);
			name = LaunchScreen.storyboard;
			sourceTree = "<group>";
		};
/* End PBXVariantGroup section */

/* Begin XCBuildConfiguration section */
		64A048D11F7A91C5000D7D05 /* Debug */ = {
			isa = XCBuildConfiguration;
			buildSettings = {
				ALWAYS_SEARCH_USER_PATHS = NO;
				CLANG_ANALYZER_NONNULL = YES;
				CLANG_ANALYZER_NUMBER_OBJECT_CONVERSION = YES_AGGRESSIVE;
				CLANG_CXX_LANGUAGE_STANDARD = "gnu++14";
				CLANG_CXX_LIBRARY = "libc++";
				CLANG_ENABLE_MODULES = YES;
				CLANG_ENABLE_OBJC_ARC = YES;
				CLANG_WARN_BLOCK_CAPTURE_AUTORELEASING = YES;
				CLANG_WARN_BOOL_CONVERSION = YES;
				CLANG_WARN_COMMA = YES;
				CLANG_WARN_CONSTANT_CONVERSION = YES;
				CLANG_WARN_DIRECT_OBJC_ISA_USAGE = YES_ERROR;
				CLANG_WARN_DOCUMENTATION_COMMENTS = YES;
				CLANG_WARN_EMPTY_BODY = YES;
				CLANG_WARN_ENUM_CONVERSION = YES;
				CLANG_WARN_INFINITE_RECURSION = YES;
				CLANG_WARN_INT_CONVERSION = YES;
				CLANG_WARN_NON_LITERAL_NULL_CONVERSION = YES;
				CLANG_WARN_OBJC_LITERAL_CONVERSION = YES;
				CLANG_WARN_OBJC_ROOT_CLASS = YES_ERROR;
				CLANG_WARN_RANGE_LOOP_ANALYSIS = YES;
				CLANG_WARN_STRICT_PROTOTYPES = YES;
				CLANG_WARN_SUSPICIOUS_MOVE = YES;
				CLANG_WARN_UNGUARDED_AVAILABILITY = YES_AGGRESSIVE;
				CLANG_WARN_UNREACHABLE_CODE = YES;
				CLANG_WARN__DUPLICATE_METHOD_MATCH = YES;
				CODE_SIGN_IDENTITY = "iPhone Developer";
				COPY_PHASE_STRIP = NO;
				DEBUG_INFORMATION_FORMAT = dwarf;
				ENABLE_STRICT_OBJC_MSGSEND = YES;
				ENABLE_TESTABILITY = YES;
				GCC_C_LANGUAGE_STANDARD = gnu11;
				GCC_DYNAMIC_NO_PIC = NO;
				GCC_NO_COMMON_BLOCKS = YES;
				GCC_OPTIMIZATION_LEVEL = 0;
				GCC_PREPROCESSOR_DEFINITIONS = (
					"DEBUG=1",
					"$(inherited)",
				);
				GCC_WARN_64_TO_32_BIT_CONVERSION = YES;
				GCC_WARN_ABOUT_RETURN_TYPE = YES_ERROR;
				GCC_WARN_UNDECLARED_SELECTOR = YES;
				GCC_WARN_UNINITIALIZED_AUTOS = YES_AGGRESSIVE;
				GCC_WARN_UNUSED_FUNCTION = YES;
				GCC_WARN_UNUSED_VARIABLE = YES;
				IPHONEOS_DEPLOYMENT_TARGET = 11.0;
				MTL_ENABLE_DEBUG_INFO = YES;
				ONLY_ACTIVE_ARCH = YES;
				SDKROOT = iphoneos;
				SWIFT_ACTIVE_COMPILATION_CONDITIONS = DEBUG;
				SWIFT_OPTIMIZATION_LEVEL = "-Onone";
			};
			name = Debug;
		};
		64A048D21F7A91C5000D7D05 /* Release */ = {
			isa = XCBuildConfiguration;
			buildSettings = {
				ALWAYS_SEARCH_USER_PATHS = NO;
				CLANG_ANALYZER_NONNULL = YES;
				CLANG_ANALYZER_NUMBER_OBJECT_CONVERSION = YES_AGGRESSIVE;
				CLANG_CXX_LANGUAGE_STANDARD = "gnu++14";
				CLANG_CXX_LIBRARY = "libc++";
				CLANG_ENABLE_MODULES = YES;
				CLANG_ENABLE_OBJC_ARC = YES;
				CLANG_WARN_BLOCK_CAPTURE_AUTORELEASING = YES;
				CLANG_WARN_BOOL_CONVERSION = YES;
				CLANG_WARN_COMMA = YES;
				CLANG_WARN_CONSTANT_CONVERSION = YES;
				CLANG_WARN_DIRECT_OBJC_ISA_USAGE = YES_ERROR;
				CLANG_WARN_DOCUMENTATION_COMMENTS = YES;
				CLANG_WARN_EMPTY_BODY = YES;
				CLANG_WARN_ENUM_CONVERSION = YES;
				CLANG_WARN_INFINITE_RECURSION = YES;
				CLANG_WARN_INT_CONVERSION = YES;
				CLANG_WARN_NON_LITERAL_NULL_CONVERSION = YES;
				CLANG_WARN_OBJC_LITERAL_CONVERSION = YES;
				CLANG_WARN_OBJC_ROOT_CLASS = YES_ERROR;
				CLANG_WARN_RANGE_LOOP_ANALYSIS = YES;
				CLANG_WARN_STRICT_PROTOTYPES = YES;
				CLANG_WARN_SUSPICIOUS_MOVE = YES;
				CLANG_WARN_UNGUARDED_AVAILABILITY = YES_AGGRESSIVE;
				CLANG_WARN_UNREACHABLE_CODE = YES;
				CLANG_WARN__DUPLICATE_METHOD_MATCH = YES;
				CODE_SIGN_IDENTITY = "iPhone Developer";
				COPY_PHASE_STRIP = NO;
				DEBUG_INFORMATION_FORMAT = "dwarf-with-dsym";
				ENABLE_NS_ASSERTIONS = NO;
				ENABLE_STRICT_OBJC_MSGSEND = YES;
				GCC_C_LANGUAGE_STANDARD = gnu11;
				GCC_NO_COMMON_BLOCKS = YES;
				GCC_WARN_64_TO_32_BIT_CONVERSION = YES;
				GCC_WARN_ABOUT_RETURN_TYPE = YES_ERROR;
				GCC_WARN_UNDECLARED_SELECTOR = YES;
				GCC_WARN_UNINITIALIZED_AUTOS = YES_AGGRESSIVE;
				GCC_WARN_UNUSED_FUNCTION = YES;
				GCC_WARN_UNUSED_VARIABLE = YES;
				IPHONEOS_DEPLOYMENT_TARGET = 11.0;
				MTL_ENABLE_DEBUG_INFO = NO;
				SDKROOT = iphoneos;
				SWIFT_OPTIMIZATION_LEVEL = "-Owholemodule";
				VALIDATE_PRODUCT = YES;
			};
			name = Release;
		};
		64A048D41F7A91C5000D7D05 /* Debug */ = {
			isa = XCBuildConfiguration;
			buildSettings = {
				ASSETCATALOG_COMPILER_APPICON_NAME = AppIcon;
				CODE_SIGN_STYLE = Automatic;
				DEVELOPMENT_TEAM = F43GEUGFWD;
				INFOPLIST_FILE = fairVast/Info.plist;
				LD_RUNPATH_SEARCH_PATHS = "$(inherited) @executable_path/Frameworks";
				PRODUCT_BUNDLE_IDENTIFIER = fair.fairVast;
				PRODUCT_NAME = "$(TARGET_NAME)";
				SWIFT_VERSION = 4.0;
				TARGETED_DEVICE_FAMILY = "1,2";
			};
			name = Debug;
		};
		64A048D51F7A91C5000D7D05 /* Release */ = {
			isa = XCBuildConfiguration;
			buildSettings = {
				ASSETCATALOG_COMPILER_APPICON_NAME = AppIcon;
				CODE_SIGN_STYLE = Automatic;
				DEVELOPMENT_TEAM = F43GEUGFWD;
				INFOPLIST_FILE = fairVast/Info.plist;
				LD_RUNPATH_SEARCH_PATHS = "$(inherited) @executable_path/Frameworks";
				PRODUCT_BUNDLE_IDENTIFIER = fair.fairVast;
				PRODUCT_NAME = "$(TARGET_NAME)";
				SWIFT_VERSION = 4.0;
				TARGETED_DEVICE_FAMILY = "1,2";
			};
			name = Release;
		};
/* End XCBuildConfiguration section */

/* Begin XCConfigurationList section */
		64A048BC1F7A91C5000D7D05 /* Build configuration list for PBXProject "fairVast" */ = {
			isa = XCConfigurationList;
			buildConfigurations = (
				64A048D11F7A91C5000D7D05 /* Debug */,
				64A048D21F7A91C5000D7D05 /* Release */,
			);
			defaultConfigurationIsVisible = 0;
			defaultConfigurationName = Release;
		};
		64A048D31F7A91C5000D7D05 /* Build configuration list for PBXNativeTarget "fairVast" */ = {
			isa = XCConfigurationList;
			buildConfigurations = (
				64A048D41F7A91C5000D7D05 /* Debug */,
				64A048D51F7A91C5000D7D05 /* Release */,
			);
			defaultConfigurationIsVisible = 0;
			defaultConfigurationName = Release;
		};
/* End XCConfigurationList section */
	};
	rootObject = 64A048B91F7A91C5000D7D05 /* Project object */;
}
